
Microsoft Visual Studio Solution File, Format Version 12.00
# Visual Studio Version 17
VisualStudioVersion = 17.13.35825.156
MinimumVisualStudioVersion = 10.0.40219.1
Project("{FAE04EC0-301F-11D3-BF4B-00C04F79EFBC}") = "UI.WinForms", "UI.WinForms\UI.WinForms.csproj", "{E8D335CE-CE3B-4F12-B07C-DA28D2C2BCBA}"
EndProject
Project("{FAE04EC0-301F-11D3-BF4B-00C04F79EFBC}") = "Application", "Application\Application.csproj", "{9BDFC2C5-55CE-4EE1-AF52-4ED46132A794}"
EndProject
Project("{2150E333-8FDC-42A3-9474-1A3956D46DE8}") = "Data", "Data", "{36D591C7-65C7-A0D1-1CBC-10CDE441BDC8}"
EndProject
Project("{FAE04EC0-301F-11D3-BF4B-00C04F79EFBC}") = "Data", "Data\Data.csproj", "{B3D8CA9A-6B8D-4DE4-9ABA-A1E8A5E79650}"
EndProject
Project("{FAE04EC0-301F-11D3-BF4B-00C04F79EFBC}") = "Data.InMemory", "Data.InMemory\Data.InMemory.csproj", "{F6DD7A05-36BB-4C3B-9294-904A7F85205D}"
EndProject
Project("{FAE04EC0-301F-11D3-BF4B-00C04F79EFBC}") = "Data.SQL", "Data.SQL\Data.SQL.csproj", "{BA148BBF-EAA1-439D-8ECD-4EB695D9E351}"
EndProject
Project("{FAE04EC0-301F-11D3-BF4B-00C04F79EFBC}") = "UnitTests", "UnitTests\UnitTests.csproj", "{885A69C8-E43C-44D3-88B5-772EE91823E9}"
EndProject
Global
	GlobalSection(SolutionConfigurationPlatforms) = preSolution
		Debug|Any CPU = Debug|Any CPU
		Release|Any CPU = Release|Any CPU
	EndGlobalSection
	GlobalSection(ProjectConfigurationPlatforms) = postSolution
		{E8D335CE-CE3B-4F12-B07C-DA28D2C2BCBA}.Debug|Any CPU.ActiveCfg = Debug|Any CPU
		{E8D335CE-CE3B-4F12-B07C-DA28D2C2BCBA}.Debug|Any CPU.Build.0 = Debug|Any CPU
		{E8D335CE-CE3B-4F12-B07C-DA28D2C2BCBA}.Release|Any CPU.ActiveCfg = Release|Any CPU
		{E8D335CE-CE3B-4F12-B07C-DA28D2C2BCBA}.Release|Any CPU.Build.0 = Release|Any CPU
		{9BDFC2C5-55CE-4EE1-AF52-4ED46132A794}.Debug|Any CPU.ActiveCfg = Debug|Any CPU
		{9BDFC2C5-55CE-4EE1-AF52-4ED46132A794}.Debug|Any CPU.Build.0 = Debug|Any CPU
		{9BDFC2C5-55CE-4EE1-AF52-4ED46132A794}.Release|Any CPU.ActiveCfg = Release|Any CPU
		{9BDFC2C5-55CE-4EE1-AF52-4ED46132A794}.Release|Any CPU.Build.0 = Release|Any CPU
		{B3D8CA9A-6B8D-4DE4-9ABA-A1E8A5E79650}.Debug|Any CPU.ActiveCfg = Debug|Any CPU
		{B3D8CA9A-6B8D-4DE4-9ABA-A1E8A5E79650}.Debug|Any CPU.Build.0 = Debug|Any CPU
		{B3D8CA9A-6B8D-4DE4-9ABA-A1E8A5E79650}.Release|Any CPU.ActiveCfg = Release|Any CPU
		{B3D8CA9A-6B8D-4DE4-9ABA-A1E8A5E79650}.Release|Any CPU.Build.0 = Release|Any CPU
		{F6DD7A05-36BB-4C3B-9294-904A7F85205D}.Debug|Any CPU.ActiveCfg = Debug|Any CPU
		{F6DD7A05-36BB-4C3B-9294-904A7F85205D}.Debug|Any CPU.Build.0 = Debug|Any CPU
		{F6DD7A05-36BB-4C3B-9294-904A7F85205D}.Release|Any CPU.ActiveCfg = Release|Any CPU
		{F6DD7A05-36BB-4C3B-9294-904A7F85205D}.Release|Any CPU.Build.0 = Release|Any CPU
		{BA148BBF-EAA1-439D-8ECD-4EB695D9E351}.Debug|Any CPU.ActiveCfg = Debug|Any CPU
		{BA148BBF-EAA1-439D-8ECD-4EB695D9E351}.Debug|Any CPU.Build.0 = Debug|Any CPU
		{BA148BBF-EAA1-439D-8ECD-4EB695D9E351}.Release|Any CPU.ActiveCfg = Release|Any CPU
		{BA148BBF-EAA1-439D-8ECD-4EB695D9E351}.Release|Any CPU.Build.0 = Release|Any CPU
		{885A69C8-E43C-44D3-88B5-772EE91823E9}.Debug|Any CPU.ActiveCfg = Debug|Any CPU
		{885A69C8-E43C-44D3-88B5-772EE91823E9}.Debug|Any CPU.Build.0 = Debug|Any CPU
		{885A69C8-E43C-44D3-88B5-772EE91823E9}.Release|Any CPU.ActiveCfg = Release|Any CPU
		{885A69C8-E43C-44D3-88B5-772EE91823E9}.Release|Any CPU.Build.0 = Release|Any CPU
	EndGlobalSection
	GlobalSection(SolutionProperties) = preSolution
		HideSolutionNode = FALSE
	EndGlobalSection
	GlobalSection(NestedProjects) = preSolution
		{B3D8CA9A-6B8D-4DE4-9ABA-A1E8A5E79650} = {36D591C7-65C7-A0D1-1CBC-10CDE441BDC8}
		{F6DD7A05-36BB-4C3B-9294-904A7F85205D} = {36D591C7-65C7-A0D1-1CBC-10CDE441BDC8}
		{BA148BBF-EAA1-439D-8ECD-4EB695D9E351} = {36D591C7-65C7-A0D1-1CBC-10CDE441BDC8}
	EndGlobalSection
	GlobalSection(ExtensibilityGlobals) = postSolution
		SolutionGuid = {40A863A7-C9FA-4182-90BE-688418E932DD}
	EndGlobalSection
EndGlobal
